
Microsoft Visual Studio Solution File, Format Version 12.00
# Visual Studio Version 17
VisualStudioVersion = 17.14.36202.13 d17.14
MinimumVisualStudioVersion = 10.0.40219.1
Project("{FAE04EC0-301F-11D3-BF4B-00C04F79EFBC}") = "Revit_PowerBI_Viewer", "Revit_PowerBI_Viewer\Revit_PowerBI_Viewer.csproj", "{F6771139-3826-445B-999D-5C3F18766DEF}"
EndProject
Global
	GlobalSection(SolutionConfigurationPlatforms) = preSolution
		Debug|Any CPU = Debug|Any CPU
		Release|Any CPU = Release|Any CPU
	EndGlobalSection
	GlobalSection(ProjectConfigurationPlatforms) = postSolution
		{F6771139-3826-445B-999D-5C3F18766DEF}.Debug|Any CPU.ActiveCfg = Debug|Any CPU
		{F6771139-3826-445B-999D-5C3F18766DEF}.Debug|Any CPU.Build.0 = Debug|Any CPU
		{F6771139-3826-445B-999D-5C3F18766DEF}.Release|Any CPU.ActiveCfg = Release|Any CPU
		{F6771139-3826-445B-999D-5C3F18766DEF}.Release|Any CPU.Build.0 = Release|Any CPU
	EndGlobalSection
	GlobalSection(SolutionProperties) = preSolution
		HideSolutionNode = FALSE
	EndGlobalSection
	GlobalSection(ExtensibilityGlobals) = postSolution
		SolutionGuid = {3A07DD96-6DE1-4E11-AA6D-B78DA58F13E0}
	EndGlobalSection
EndGlobal
